// !$*UTF8*$!
{
	archiveVersion = 1;
	classes = {
	};
	objectVersion = 50;
	objects = {

/* Begin PBXBuildFile section */
		3FAB5B9020AA6AEF00E180CE /* AppDelegate.swift in Sources */ = {isa = PBXBuildFile; fileRef = 3FAB5B8F20AA6AEF00E180CE /* AppDelegate.swift */; };
		3FAB5B9220AA6AEF00E180CE /* ViewController.swift in Sources */ = {isa = PBXBuildFile; fileRef = 3FAB5B9120AA6AEF00E180CE /* ViewController.swift */; };
		3FAB5B9520AA6AEF00E180CE /* Main.storyboard in Resources */ = {isa = PBXBuildFile; fileRef = 3FAB5B9320AA6AEF00E180CE /* Main.storyboard */; };
		3FAB5B9720AA6AF000E180CE /* Assets.xcassets in Resources */ = {isa = PBXBuildFile; fileRef = 3FAB5B9620AA6AF000E180CE /* Assets.xcassets */; };
		3FAB5B9A20AA6AF000E180CE /* LaunchScreen.storyboard in Resources */ = {isa = PBXBuildFile; fileRef = 3FAB5B9820AA6AF000E180CE /* LaunchScreen.storyboard */; };
/* End PBXBuildFile section */

/* Begin PBXFileReference section */
		3FAB5B8C20AA6AEF00E180CE /* TopBottomCornerDemo.app */ = {isa = PBXFileReference; explicitFileType = wrapper.application; includeInIndex = 0; path = TopBottomCornerDemo.app; sourceTree = BUILT_PRODUCTS_DIR; };
		3FAB5B8F20AA6AEF00E180CE /* AppDelegate.swift */ = {isa = PBXFileReference; lastKnownFileType = sourcecode.swift; path = AppDelegate.swift; sourceTree = "<group>"; };
		3FAB5B9120AA6AEF00E180CE /* ViewController.swift */ = {isa = PBXFileReference; lastKnownFileType = sourcecode.swift; path = ViewController.swift; sourceTree = "<group>"; };
		3FAB5B9420AA6AEF00E180CE /* Base */ = {isa = PBXFileReference; lastKnownFileType = file.storyboard; name = Base; path = Base.lproj/Main.storyboard; sourceTree = "<group>"; };
		3FAB5B9620AA6AF000E180CE /* Assets.xcassets */ = {isa = PBXFileReference; lastKnownFileType = folder.assetcatalog; path = Assets.xcassets; sourceTree = "<group>"; };
		3FAB5B9920AA6AF000E180CE /* Base */ = {isa = PBXFileReference; lastKnownFileType = file.storyboard; name = Base; path = Base.lproj/LaunchScreen.storyboard; sourceTree = "<group>"; };
		3FAB5B9B20AA6AF000E180CE /* Info.plist */ = {isa = PBXFileReference; lastKnownFileType = text.plist.xml; path = Info.plist; sourceTree = "<group>"; };
/* End PBXFileReference section */

/* Begin PBXFrameworksBuildPhase section */
		3FAB5B8920AA6AEF00E180CE /* Frameworks */ = {
			isa = PBXFrameworksBuildPhase;
			buildActionMask = 2147483647;
			files = (
			);
			runOnlyForDeploymentPostprocessing = 0;
		};
/* End PBXFrameworksBuildPhase section */

/* Begin PBXGroup section */
		3FAB5B8320AA6AEF00E180CE = {
			isa = PBXGroup;
			children = (
				3FAB5B8E20AA6AEF00E180CE /* TopBottomCornerDemo */,
				3FAB5B8D20AA6AEF00E180CE /* Products */,
			);
			sourceTree = "<group>";
		};
		3FAB5B8D20AA6AEF00E180CE /* Products */ = {
			isa = PBXGroup;
			children = (
				3FAB5B8C20AA6AEF00E180CE /* TopBottomCornerDemo.app */,
			);
			name = Products;
			sourceTree = "<group>";
		};
		3FAB5B8E20AA6AEF00E180CE /* TopBottomCornerDemo */ = {
			isa = PBXGroup;
			children = (
				3FAB5B8F20AA6AEF00E180CE /* AppDelegate.swift */,
				3FAB5B9120AA6AEF00E180CE /* ViewController.swift */,
				3FAB5B9320AA6AEF00E180CE /* Main.storyboard */,
				3FAB5B9620AA6AF000E180CE /* Assets.xcassets */,
				3FAB5B9820AA6AF000E180CE /* LaunchScreen.storyboard */,
				3FAB5B9B20AA6AF000E180CE /* Info.plist */,
			);
			path = TopBottomCornerDemo;
			sourceTree = "<group>";
		};
/* End PBXGroup section */

/* Begin PBXNativeTarget section */
		3FAB5B8B20AA6AEF00E180CE /* TopBottomCornerDemo */ = {
			isa = PBXNativeTarget;
			buildConfigurationList = 3FAB5B9E20AA6AF000E180CE /* Build configuration list for PBXNativeTarget "TopBottomCornerDemo" */;
			buildPhases = (
				3FAB5B8820AA6AEF00E180CE /* Sources */,
				3FAB5B8920AA6AEF00E180CE /* Frameworks */,
				3FAB5B8A20AA6AEF00E180CE /* Resources */,
			);
			buildRules = (
			);
			dependencies = (
			);
			name = TopBottomCornerDemo;
			productName = TopBottomCornerDemo;
			productReference = 3FAB5B8C20AA6AEF00E180CE /* TopBottomCornerDemo.app */;
			productType = "com.apple.product-type.application";
		};
/* End PBXNativeTarget section */

/* Begin PBXProject section */
		3FAB5B8420AA6AEF00E180CE /* Project object */ = {
			isa = PBXProject;
			attributes = {
				LastSwiftUpdateCheck = 0930;
				LastUpgradeCheck = 0930;
				ORGANIZATIONNAME = "Kwai Co., Ltd.";
				TargetAttributes = {
					3FAB5B8B20AA6AEF00E180CE = {
						CreatedOnToolsVersion = 9.3;
					};
				};
			};
			buildConfigurationList = 3FAB5B8720AA6AEF00E180CE /* Build configuration list for PBXProject "TopBottomCornerDemo" */;
			compatibilityVersion = "Xcode 9.3";
			developmentRegion = en;
			hasScannedForEncodings = 0;
			knownRegions = (
				en,
				Base,
			);
			mainGroup = 3FAB5B8320AA6AEF00E180CE;
			productRefGroup = 3FAB5B8D20AA6AEF00E180CE /* Products */;
			projectDirPath = "";
			projectRoot = "";
			targets = (
				3FAB5B8B20AA6AEF00E180CE /* TopBottomCornerDemo */,
			);
		};
/* End PBXProject section */

/* Begin PBXResourcesBuildPhase section */
		3FAB5B8A20AA6AEF00E180CE /* Resources */ = {
			isa = PBXResourcesBuildPhase;
			buildActionMask = 2147483647;
			files = (
				3FAB5B9A20AA6AF000E180CE /* LaunchScreen.storyboard in Resources */,
				3FAB5B9720AA6AF000E180CE /* Assets.xcassets in Resources */,
				3FAB5B9520AA6AEF00E180CE /* Main.storyboard in Resources */,
			);
			runOnlyForDeploymentPostprocessing = 0;
		};
/* End PBXResourcesBuildPhase section */

/* Begin PBXSourcesBuildPhase section */
		3FAB5B8820AA6AEF00E180CE /* Sources */ = {
			isa = PBXSourcesBuildPhase;
			buildActionMask = 2147483647;
			files = (
				3FAB5B9220AA6AEF00E180CE /* ViewController.swift in Sources */,
				3FAB5B9020AA6AEF00E180CE /* AppDelegate.swift in Sources */,
			);
			runOnlyForDeploymentPostprocessing = 0;
		};
/* End PBXSourcesBuildPhase section */

/* Begin PBXVariantGroup section */
		3FAB5B9320AA6AEF00E180CE /* Main.storyboard */ = {
			isa = PBXVariantGroup;
			children = (
				3FAB5B9420AA6AEF00E180CE /* Base */,
			);
			name = Main.storyboard;
			sourceTree = "<group>";
		};
		3FAB5B9820AA6AF000E180CE /* LaunchScreen.storyboard */ = {
			isa = PBXVariantGroup;
			children = (
				3FAB5B9920AA6AF000E180CE /* Base */,
			);
			name = LaunchScreen.storyboard;
			sourceTree = "<group>";
		};
/* End PBXVariantGroup section */

/* Begin XCBuildConfiguration section */
		3FAB5B9C20AA6AF000E180CE /* Debug */ = {
			isa = XCBuildConfiguration;
			buildSettings = {
				ALWAYS_SEARCH_USER_PATHS = NO;
				CLANG_ANALYZER_NONNULL = YES;
				CLANG_ANALYZER_NUMBER_OBJECT_CONVERSION = YES_AGGRESSIVE;
				CLANG_CXX_LANGUAGE_STANDARD = "gnu++14";
				CLANG_CXX_LIBRARY = "libc++";
				CLANG_ENABLE_MODULES = YES;
				CLANG_ENABLE_OBJC_ARC = YES;
				CLANG_ENABLE_OBJC_WEAK = YES;
				CLANG_WARN_BLOCK_CAPTURE_AUTORELEASING = YES;
				CLANG_WARN_BOOL_CONVERSION = YES;
				CLANG_WARN_COMMA = YES;
				CLANG_WARN_CONSTANT_CONVERSION = YES;
				CLANG_WARN_DEPRECATED_OBJC_IMPLEMENTATIONS = YES;
				CLANG_WARN_DIRECT_OBJC_ISA_USAGE = YES_ERROR;
				CLANG_WARN_DOCUMENTATION_COMMENTS = YES;
				CLANG_WARN_EMPTY_BODY = YES;
				CLANG_WARN_ENUM_CONVERSION = YES;
				CLANG_WARN_INFINITE_RECURSION = YES;
				CLANG_WARN_INT_CONVERSION = YES;
				CLANG_WARN_NON_LITERAL_NULL_CONVERSION = YES;
				CLANG_WARN_OBJC_IMPLICIT_RETAIN_SELF = YES;
				CLANG_WARN_OBJC_LITERAL_CONVERSION = YES;
				CLANG_WARN_OBJC_ROOT_CLASS = YES_ERROR;
				CLANG_WARN_RANGE_LOOP_ANALYSIS = YES;
				CLANG_WARN_STRICT_PROTOTYPES = YES;
				CLANG_WARN_SUSPICIOUS_MOVE = YES;
				CLANG_WARN_UNGUARDED_AVAILABILITY = YES_AGGRESSIVE;
				CLANG_WARN_UNREACHABLE_CODE = YES;
				CLANG_WARN__DUPLICATE_METHOD_MATCH = YES;
				CODE_SIGN_IDENTITY = "iPhone Developer";
				COPY_PHASE_STRIP = NO;
				DEBUG_INFORMATION_FORMAT = dwarf;
				ENABLE_STRICT_OBJC_MSGSEND = YES;
				ENABLE_TESTABILITY = YES;
				GCC_C_LANGUAGE_STANDARD = gnu11;
				GCC_DYNAMIC_NO_PIC = NO;
				GCC_NO_COMMON_BLOCKS = YES;
				GCC_OPTIMIZATION_LEVEL = 0;
				GCC_PREPROCESSOR_DEFINITIONS = (
					"DEBUG=1",
					"$(inherited)",
				);
				GCC_WARN_64_TO_32_BIT_CONVERSION = YES;
				GCC_WARN_ABOUT_RETURN_TYPE = YES_ERROR;
				GCC_WARN_UNDECLARED_SELECTOR = YES;
				GCC_WARN_UNINITIALIZED_AUTOS = YES_AGGRESSIVE;
				GCC_WARN_UNUSED_FUNCTION = YES;
				GCC_WARN_UNUSED_VARIABLE = YES;
				IPHONEOS_DEPLOYMENT_TARGET = 11.3;
				MTL_ENABLE_DEBUG_INFO = YES;
				ONLY_ACTIVE_ARCH = YES;
				SDKROOT = iphoneos;
				SWIFT_ACTIVE_COMPILATION_CONDITIONS = DEBUG;
				SWIFT_OPTIMIZATION_LEVEL = "-Onone";
			};
			name = Debug;
		};
		3FAB5B9D20AA6AF000E180CE /* Release */ = {
			isa = XCBuildConfiguration;
			buildSettings = {
				ALWAYS_SEARCH_USER_PATHS = NO;
				CLANG_ANALYZER_NONNULL = YES;
				CLANG_ANALYZER_NUMBER_OBJECT_CONVERSION = YES_AGGRESSIVE;
				CLANG_CXX_LANGUAGE_STANDARD = "gnu++14";
				CLANG_CXX_LIBRARY = "libc++";
				CLANG_ENABLE_MODULES = YES;
				CLANG_ENABLE_OBJC_ARC = YES;
				CLANG_ENABLE_OBJC_WEAK = YES;
				CLANG_WARN_BLOCK_CAPTURE_AUTORELEASING = YES;
				CLANG_WARN_BOOL_CONVERSION = YES;
				CLANG_WARN_COMMA = YES;
				CLANG_WARN_CONSTANT_CONVERSION = YES;
				CLANG_WARN_DEPRECATED_OBJC_IMPLEMENTATIONS = YES;
				CLANG_WARN_DIRECT_OBJC_ISA_USAGE = YES_ERROR;
				CLANG_WARN_DOCUMENTATION_COMMENTS = YES;
				CLANG_WARN_EMPTY_BODY = YES;
				CLANG_WARN_ENUM_CONVERSION = YES;
				CLANG_WARN_INFINITE_RECURSION = YES;
				CLANG_WARN_INT_CONVERSION = YES;
				CLANG_WARN_NON_LITERAL_NULL_CONVERSION = YES;
				CLANG_WARN_OBJC_IMPLICIT_RETAIN_SELF = YES;
				CLANG_WARN_OBJC_LITERAL_CONVERSION = YES;
				CLANG_WARN_OBJC_ROOT_CLASS = YES_ERROR;
				CLANG_WARN_RANGE_LOOP_ANALYSIS = YES;
				CLANG_WARN_STRICT_PROTOTYPES = YES;
				CLANG_WARN_SUSPICIOUS_MOVE = YES;
				CLANG_WARN_UNGUARDED_AVAILABILITY = YES_AGGRESSIVE;
				CLANG_WARN_UNREACHABLE_CODE = YES;
				CLANG_WARN__DUPLICATE_METHOD_MATCH = YES;
				CODE_SIGN_IDENTITY = "iPhone Developer";
				COPY_PHASE_STRIP = NO;
				DEBUG_INFORMATION_FORMAT = "dwarf-with-dsym";
				ENABLE_NS_ASSERTIONS = NO;
				ENABLE_STRICT_OBJC_MSGSEND = YES;
				GCC_C_LANGUAGE_STANDARD = gnu11;
				GCC_NO_COMMON_BLOCKS = YES;
				GCC_WARN_64_TO_32_BIT_CONVERSION = YES;
				GCC_WARN_ABOUT_RETURN_TYPE = YES_ERROR;
				GCC_WARN_UNDECLARED_SELECTOR = YES;
				GCC_WARN_UNINITIALIZED_AUTOS = YES_AGGRESSIVE;
				GCC_WARN_UNUSED_FUNCTION = YES;
				GCC_WARN_UNUSED_VARIABLE = YES;
				IPHONEOS_DEPLOYMENT_TARGET = 11.3;
				MTL_ENABLE_DEBUG_INFO = NO;
				SDKROOT = iphoneos;
				SWIFT_COMPILATION_MODE = wholemodule;
				SWIFT_OPTIMIZATION_LEVEL = "-O";
				VALIDATE_PRODUCT = YES;
			};
			name = Release;
		};
		3FAB5B9F20AA6AF000E180CE /* Debug */ = {
			isa = XCBuildConfiguration;
			buildSettings = {
				ASSETCATALOG_COMPILER_APPICON_NAME = AppIcon;
				CODE_SIGN_STYLE = Automatic;
				DEVELOPMENT_TEAM = 2CD9DJMEZS;
				INFOPLIST_FILE = TopBottomCornerDemo/Info.plist;
				IPHONEOS_DEPLOYMENT_TARGET = 9.0;
				LD_RUNPATH_SEARCH_PATHS = (
					"$(inherited)",
					"@executable_path/Frameworks",
				);
				PRODUCT_BUNDLE_IDENTIFIER = com.kuaishou.TopBottomCornerDemo;
				PRODUCT_NAME = "$(TARGET_NAME)";
				SWIFT_VERSION = 4.0;
				TARGETED_DEVICE_FAMILY = "1,2";
			};
			name = Debug;
		};
		3FAB5BA020AA6AF000E180CE /* Release */ = {
			isa = XCBuildConfiguration;
			buildSettings = {
				ASSETCATALOG_COMPILER_APPICON_NAME = AppIcon;
				CODE_SIGN_STYLE = Automatic;
				DEVELOPMENT_TEAM = 2CD9DJMEZS;
				INFOPLIST_FILE = TopBottomCornerDemo/Info.plist;
				IPHONEOS_DEPLOYMENT_TARGET = 9.0;
				LD_RUNPATH_SEARCH_PATHS = (
					"$(inherited)",
					"@executable_path/Frameworks",
				);
				PRODUCT_BUNDLE_IDENTIFIER = com.kuaishou.TopBottomCornerDemo;
				PRODUCT_NAME = "$(TARGET_NAME)";
				SWIFT_VERSION = 4.0;
				TARGETED_DEVICE_FAMILY = "1,2";
			};
			name = Release;
		};
/* End XCBuildConfiguration section */

/* Begin XCConfigurationList section */
		3FAB5B8720AA6AEF00E180CE /* Build configuration list for PBXProject "TopBottomCornerDemo" */ = {
			isa = XCConfigurationList;
			buildConfigurations = (
				3FAB5B9C20AA6AF000E180CE /* Debug */,
				3FAB5B9D20AA6AF000E180CE /* Release */,
			);
			defaultConfigurationIsVisible = 0;
			defaultConfigurationName = Release;
		};
		3FAB5B9E20AA6AF000E180CE /* Build configuration list for PBXNativeTarget "TopBottomCornerDemo" */ = {
			isa = XCConfigurationList;
			buildConfigurations = (
				3FAB5B9F20AA6AF000E180CE /* Debug */,
				3FAB5BA020AA6AF000E180CE /* Release */,
			);
			defaultConfigurationIsVisible = 0;
			defaultConfigurationName = Release;
		};
/* End XCConfigurationList section */
	};
	rootObject = 3FAB5B8420AA6AEF00E180CE /* Project object */;
}
